
Microsoft Visual Studio Solution File, Format Version 12.00
# Visual Studio 15
VisualStudioVersion = 15.0.28307.902
MinimumVisualStudioVersion = 10.0.40219.1
Project("{FAE04EC0-301F-11D3-BF4B-00C04F79EFBC}") = "ConsoleApp4", "ConsoleApp4\ConsoleApp4.csproj", "{54BDC26C-C6F3-4D22-97D9-33428F9AE328}"
EndProject
Global
	GlobalSection(SolutionConfigurationPlatforms) = preSolution
		Debug|Any CPU = Debug|Any CPU
		Release|Any CPU = Release|Any CPU
	EndGlobalSection
	GlobalSection(ProjectConfigurationPlatforms) = postSolution
		{54BDC26C-C6F3-4D22-97D9-33428F9AE328}.Debug|Any CPU.ActiveCfg = Debug|Any CPU
		{54BDC26C-C6F3-4D22-97D9-33428F9AE328}.Debug|Any CPU.Build.0 = Debug|Any CPU
		{54BDC26C-C6F3-4D22-97D9-33428F9AE328}.Release|Any CPU.ActiveCfg = Release|Any CPU
		{54BDC26C-C6F3-4D22-97D9-33428F9AE328}.Release|Any CPU.Build.0 = Release|Any CPU
	EndGlobalSection
	GlobalSection(SolutionProperties) = preSolution
		HideSolutionNode = FALSE
	EndGlobalSection
	GlobalSection(ExtensibilityGlobals) = postSolution
		SolutionGuid = {48D8358F-0C77-4732-9728-43BC79D93C26}
	EndGlobalSection
EndGlobal
